// !$*UTF8*$!
{
	archiveVersion = 1;
	classes = {
	};
	objectVersion = 46;
	objects = {

/* Begin PBXBuildFile section */
		15132F291E6346FC00910453 /* RootViewModel.swift in Sources */ = {isa = PBXBuildFile; fileRef = 15132F281E6346FC00910453 /* RootViewModel.swift */; };
		22E8F51002485A0804EC2F63 /* Pods_TinyPlayerTests.framework in Frameworks */ = {isa = PBXBuildFile; fileRef = 26CE0BF2C9CA74514A185E82 /* Pods_TinyPlayerTests.framework */; };
		8CF5D79BF3AE52D8263A2B38 /* Pods_TinyPlayerDemo.framework in Frameworks */ = {isa = PBXBuildFile; fileRef = C189E3DA341AD5D08895602F /* Pods_TinyPlayerDemo.framework */; };
		C701D9481E55E8E7000A226A /* TinyPlayerStateTransationTests.swift in Sources */ = {isa = PBXBuildFile; fileRef = C701D9471E55E8E7000A226A /* TinyPlayerStateTransationTests.swift */; };
		C71D8F691E40A6D8005E4B64 /* RootViewController.swift in Sources */ = {isa = PBXBuildFile; fileRef = C71D8F661E40A6D8005E4B64 /* RootViewController.swift */; };
		C71D8F6A1E40A6D8005E4B64 /* VideoPlayerViewController.swift in Sources */ = {isa = PBXBuildFile; fileRef = C71D8F671E40A6D8005E4B64 /* VideoPlayerViewController.swift */; };
		C71D8F6B1E40A6D8005E4B64 /* VideoPlayerViewModel.swift in Sources */ = {isa = PBXBuildFile; fileRef = C71D8F681E40A6D8005E4B64 /* VideoPlayerViewModel.swift */; };
		C71D8F6D1E40A6ED005E4B64 /* AppDelegate.swift in Sources */ = {isa = PBXBuildFile; fileRef = C71D8F6C1E40A6ED005E4B64 /* AppDelegate.swift */; };
		C71D8F741E40A6FC005E4B64 /* Assets.xcassets in Resources */ = {isa = PBXBuildFile; fileRef = C71D8F6E1E40A6FC005E4B64 /* Assets.xcassets */; };
		C71D8F7B1E40A71B005E4B64 /* LaunchScreen.storyboard in Resources */ = {isa = PBXBuildFile; fileRef = C71D8F771E40A71B005E4B64 /* LaunchScreen.storyboard */; };
		C71D8F7C1E40A71B005E4B64 /* Main.storyboard in Resources */ = {isa = PBXBuildFile; fileRef = C71D8F791E40A71B005E4B64 /* Main.storyboard */; };
		C766ADF21E645D6100E87D95 /* Pods_TinyPlayerDemo.framework in Frameworks */ = {isa = PBXBuildFile; fileRef = C766ADF11E645D6100E87D95 /* Pods_TinyPlayerDemo.framework */; };
		C766ADF41E645D6600E87D95 /* Pods_TinyPlayerTests.framework in Frameworks */ = {isa = PBXBuildFile; fileRef = C766ADF31E645D6600E87D95 /* Pods_TinyPlayerTests.framework */; };
		C7980C8C1E44F8C60002BEFB /* TinyPlayerFunctionalTests.swift in Sources */ = {isa = PBXBuildFile; fileRef = 607FACEB1AFB9204008FA782 /* TinyPlayerFunctionalTests.swift */; };
		C7A4A19C1E54B02B0049EFFA /* unittest_video.mp4 in Resources */ = {isa = PBXBuildFile; fileRef = C7EE50961E44D9AD00D17127 /* unittest_video.mp4 */; };
		C7A4A19E1E54C43C0049EFFA /* PlayerTestObserver.swift in Sources */ = {isa = PBXBuildFile; fileRef = C7A4A19D1E54C43C0049EFFA /* PlayerTestObserver.swift */; };
		C7B559CD1E5B403900BDE78F /* unittest_video_alternative.mp4 in Resources */ = {isa = PBXBuildFile; fileRef = C7B559CC1E5B403900BDE78F /* unittest_video_alternative.mp4 */; };
		C7B559CF1E5C3FD900BDE78F /* TestHelpers.swift in Sources */ = {isa = PBXBuildFile; fileRef = C7B559CE1E5C3FD900BDE78F /* TestHelpers.swift */; };
		C7EE50971E44D9AD00D17127 /* unittest_video.mp4 in Resources */ = {isa = PBXBuildFile; fileRef = C7EE50961E44D9AD00D17127 /* unittest_video.mp4 */; };
		C7F1FB3D1E5DD55D00257896 /* TinyPlayerPlaybackCommandsTests.swift in Sources */ = {isa = PBXBuildFile; fileRef = C7F1FB3C1E5DD55D00257896 /* TinyPlayerPlaybackCommandsTests.swift */; };
/* End PBXBuildFile section */

/* Begin PBXContainerItemProxy section */
		607FACE61AFB9204008FA782 /* PBXContainerItemProxy */ = {
			isa = PBXContainerItemProxy;
			containerPortal = 607FACC81AFB9204008FA782 /* Project object */;
			proxyType = 1;
			remoteGlobalIDString = 607FACCF1AFB9204008FA782;
			remoteInfo = TinyPlayer;
		};
/* End PBXContainerItemProxy section */

/* Begin PBXFileReference section */
		0B95F0EA916D7F793BFFCDBB /* Pods-TinyPlayerDemo.debug.xcconfig */ = {isa = PBXFileReference; includeInIndex = 1; lastKnownFileType = text.xcconfig; name = "Pods-TinyPlayerDemo.debug.xcconfig"; path = "../Pods/Target Support Files/Pods-TinyPlayerDemo/Pods-TinyPlayerDemo.debug.xcconfig"; sourceTree = "<group>"; };
		1034B79EC94FE54880A63484 /* TinyPlayer.podspec */ = {isa = PBXFileReference; includeInIndex = 1; lastKnownFileType = text; name = TinyPlayer.podspec; path = ../TinyPlayer.podspec; sourceTree = "<group>"; xcLanguageSpecificationIdentifier = xcode.lang.ruby; };
		15132F281E6346FC00910453 /* RootViewModel.swift */ = {isa = PBXFileReference; fileEncoding = 4; lastKnownFileType = sourcecode.swift; name = RootViewModel.swift; path = TinyPlayerDemo/RootViewModel.swift; sourceTree = "<group>"; };
		26CE0BF2C9CA74514A185E82 /* Pods_TinyPlayerTests.framework */ = {isa = PBXFileReference; explicitFileType = wrapper.framework; includeInIndex = 0; path = Pods_TinyPlayerTests.framework; sourceTree = BUILT_PRODUCTS_DIR; };
		2A78683DD79FDBC10D2F151B /* Pods-TinyPlayerTests.debug.xcconfig */ = {isa = PBXFileReference; includeInIndex = 1; lastKnownFileType = text.xcconfig; name = "Pods-TinyPlayerTests.debug.xcconfig"; path = "../Pods/Target Support Files/Pods-TinyPlayerTests/Pods-TinyPlayerTests.debug.xcconfig"; sourceTree = "<group>"; };
		3FA2E517AFBD214768312FF4 /* LICENSE */ = {isa = PBXFileReference; includeInIndex = 1; lastKnownFileType = text; name = LICENSE; path = ../LICENSE; sourceTree = "<group>"; };
		607FACD01AFB9204008FA782 /* TinyPlayerDemo.app */ = {isa = PBXFileReference; explicitFileType = wrapper.application; includeInIndex = 0; path = TinyPlayerDemo.app; sourceTree = BUILT_PRODUCTS_DIR; };
		607FACE51AFB9204008FA782 /* TinyPlayerTests.xctest */ = {isa = PBXFileReference; explicitFileType = wrapper.cfbundle; includeInIndex = 0; path = TinyPlayerTests.xctest; sourceTree = BUILT_PRODUCTS_DIR; };
		607FACEA1AFB9204008FA782 /* Info.plist */ = {isa = PBXFileReference; lastKnownFileType = text.plist.xml; path = Info.plist; sourceTree = "<group>"; };
		607FACEB1AFB9204008FA782 /* TinyPlayerFunctionalTests.swift */ = {isa = PBXFileReference; lastKnownFileType = sourcecode.swift; path = TinyPlayerFunctionalTests.swift; sourceTree = "<group>"; };
		62B5E871A6341410D80EBF66 /* README.md */ = {isa = PBXFileReference; includeInIndex = 1; lastKnownFileType = net.daringfireball.markdown; name = README.md; path = ../README.md; sourceTree = "<group>"; };
		6C7B527360AAAFE8BB91F625 /* Pods-TinyPlayerTests.release.xcconfig */ = {isa = PBXFileReference; includeInIndex = 1; lastKnownFileType = text.xcconfig; name = "Pods-TinyPlayerTests.release.xcconfig"; path = "../Pods/Target Support Files/Pods-TinyPlayerTests/Pods-TinyPlayerTests.release.xcconfig"; sourceTree = "<group>"; };
		74B69584D02F8D3076EA8C5E /* Pods-TinyPlayerDemo_Tests.debug.xcconfig */ = {isa = PBXFileReference; includeInIndex = 1; lastKnownFileType = text.xcconfig; name = "Pods-TinyPlayerDemo_Tests.debug.xcconfig"; path = "../Pods/Target Support Files/Pods-TinyPlayerDemo_Tests/Pods-TinyPlayerDemo_Tests.debug.xcconfig"; sourceTree = "<group>"; };
		7F0A2127F4EE25DFCB42C905 /* Pods-TinyPlayerDemo.release.xcconfig */ = {isa = PBXFileReference; includeInIndex = 1; lastKnownFileType = text.xcconfig; name = "Pods-TinyPlayerDemo.release.xcconfig"; path = "../Pods/Target Support Files/Pods-TinyPlayerDemo/Pods-TinyPlayerDemo.release.xcconfig"; sourceTree = "<group>"; };
		C189E3DA341AD5D08895602F /* Pods_TinyPlayerDemo.framework */ = {isa = PBXFileReference; explicitFileType = wrapper.framework; includeInIndex = 0; path = Pods_TinyPlayerDemo.framework; sourceTree = BUILT_PRODUCTS_DIR; };
		C701D9471E55E8E7000A226A /* TinyPlayerStateTransationTests.swift */ = {isa = PBXFileReference; fileEncoding = 4; lastKnownFileType = sourcecode.swift; path = TinyPlayerStateTransationTests.swift; sourceTree = "<group>"; };
		C71D8F661E40A6D8005E4B64 /* RootViewController.swift */ = {isa = PBXFileReference; fileEncoding = 4; lastKnownFileType = sourcecode.swift; name = RootViewController.swift; path = TinyPlayerDemo/RootViewController.swift; sourceTree = "<group>"; };
		C71D8F671E40A6D8005E4B64 /* VideoPlayerViewController.swift */ = {isa = PBXFileReference; fileEncoding = 4; lastKnownFileType = sourcecode.swift; name = VideoPlayerViewController.swift; path = TinyPlayerDemo/VideoPlayerViewController.swift; sourceTree = "<group>"; };
		C71D8F681E40A6D8005E4B64 /* VideoPlayerViewModel.swift */ = {isa = PBXFileReference; fileEncoding = 4; lastKnownFileType = sourcecode.swift; name = VideoPlayerViewModel.swift; path = TinyPlayerDemo/VideoPlayerViewModel.swift; sourceTree = "<group>"; };
		C71D8F6C1E40A6ED005E4B64 /* AppDelegate.swift */ = {isa = PBXFileReference; fileEncoding = 4; lastKnownFileType = sourcecode.swift; name = AppDelegate.swift; path = TinyPlayerDemo/AppDelegate.swift; sourceTree = "<group>"; };
		C71D8F6E1E40A6FC005E4B64 /* Assets.xcassets */ = {isa = PBXFileReference; lastKnownFileType = folder.assetcatalog; name = Assets.xcassets; path = TinyPlayerDemo/Assets.xcassets; sourceTree = "<group>"; };
		C71D8F781E40A71B005E4B64 /* Base */ = {isa = PBXFileReference; lastKnownFileType = file.storyboard; name = Base; path = TinyPlayerDemo/Base.lproj/LaunchScreen.storyboard; sourceTree = "<group>"; };
		C71D8F7A1E40A71B005E4B64 /* Base */ = {isa = PBXFileReference; lastKnownFileType = file.storyboard; name = Base; path = TinyPlayerDemo/Base.lproj/Main.storyboard; sourceTree = "<group>"; };
		C71D8F8B1E40B052005E4B64 /* Info.plist */ = {isa = PBXFileReference; fileEncoding = 4; lastKnownFileType = text.plist.xml; name = Info.plist; path = TinyPlayerDemo/Info.plist; sourceTree = "<group>"; };
		C766ADF11E645D6100E87D95 /* Pods_TinyPlayerDemo.framework */ = {isa = PBXFileReference; lastKnownFileType = wrapper.framework; name = Pods_TinyPlayerDemo.framework; path = "/Users/XiChen/Development/TinyPlayerSetup/TinyPlayer/Examples/Pods/../build/Debug-iphoneos/Pods_TinyPlayerDemo.framework"; sourceTree = "<absolute>"; };
		C766ADF31E645D6600E87D95 /* Pods_TinyPlayerTests.framework */ = {isa = PBXFileReference; lastKnownFileType = wrapper.framework; name = Pods_TinyPlayerTests.framework; path = "/Users/XiChen/Development/TinyPlayerSetup/TinyPlayer/Examples/Pods/../build/Debug-iphoneos/Pods_TinyPlayerTests.framework"; sourceTree = "<absolute>"; };
		C7A4A19D1E54C43C0049EFFA /* PlayerTestObserver.swift */ = {isa = PBXFileReference; fileEncoding = 4; lastKnownFileType = sourcecode.swift; path = PlayerTestObserver.swift; sourceTree = "<group>"; };
		C7B559CC1E5B403900BDE78F /* unittest_video_alternative.mp4 */ = {isa = PBXFileReference; lastKnownFileType = file; path = unittest_video_alternative.mp4; sourceTree = "<group>"; };
		C7B559CE1E5C3FD900BDE78F /* TestHelpers.swift */ = {isa = PBXFileReference; fileEncoding = 4; lastKnownFileType = sourcecode.swift; path = TestHelpers.swift; sourceTree = "<group>"; };
		C7EE50961E44D9AD00D17127 /* unittest_video.mp4 */ = {isa = PBXFileReference; lastKnownFileType = file; path = unittest_video.mp4; sourceTree = "<group>"; };
		C7F1FB3C1E5DD55D00257896 /* TinyPlayerPlaybackCommandsTests.swift */ = {isa = PBXFileReference; fileEncoding = 4; lastKnownFileType = sourcecode.swift; path = TinyPlayerPlaybackCommandsTests.swift; sourceTree = "<group>"; };
		D0BAF33EDE0B232A65DEE349 /* Pods_TinyPlayerDemo_Tests.framework */ = {isa = PBXFileReference; explicitFileType = wrapper.framework; includeInIndex = 0; path = Pods_TinyPlayerDemo_Tests.framework; sourceTree = BUILT_PRODUCTS_DIR; };
		D90882D8D79492EA32FBF437 /* Pods-TinyPlayerDemo_Tests.release.xcconfig */ = {isa = PBXFileReference; includeInIndex = 1; lastKnownFileType = text.xcconfig; name = "Pods-TinyPlayerDemo_Tests.release.xcconfig"; path = "../Pods/Target Support Files/Pods-TinyPlayerDemo_Tests/Pods-TinyPlayerDemo_Tests.release.xcconfig"; sourceTree = "<group>"; };
/* End PBXFileReference section */

/* Begin PBXFrameworksBuildPhase section */
		607FACCD1AFB9204008FA782 /* Frameworks */ = {
			isa = PBXFrameworksBuildPhase;
			buildActionMask = 2147483647;
			files = (
				C766ADF21E645D6100E87D95 /* Pods_TinyPlayerDemo.framework in Frameworks */,
				8CF5D79BF3AE52D8263A2B38 /* Pods_TinyPlayerDemo.framework in Frameworks */,
			);
			runOnlyForDeploymentPostprocessing = 0;
		};
		607FACE21AFB9204008FA782 /* Frameworks */ = {
			isa = PBXFrameworksBuildPhase;
			buildActionMask = 2147483647;
			files = (
				C766ADF41E645D6600E87D95 /* Pods_TinyPlayerTests.framework in Frameworks */,
				22E8F51002485A0804EC2F63 /* Pods_TinyPlayerTests.framework in Frameworks */,
			);
			runOnlyForDeploymentPostprocessing = 0;
		};
/* End PBXFrameworksBuildPhase section */

/* Begin PBXGroup section */
		1E2745623C192D44A953C297 /* Pods */ = {
			isa = PBXGroup;
			children = (
				0B95F0EA916D7F793BFFCDBB /* Pods-TinyPlayerDemo.debug.xcconfig */,
				7F0A2127F4EE25DFCB42C905 /* Pods-TinyPlayerDemo.release.xcconfig */,
				74B69584D02F8D3076EA8C5E /* Pods-TinyPlayerDemo_Tests.debug.xcconfig */,
				D90882D8D79492EA32FBF437 /* Pods-TinyPlayerDemo_Tests.release.xcconfig */,
				2A78683DD79FDBC10D2F151B /* Pods-TinyPlayerTests.debug.xcconfig */,
				6C7B527360AAAFE8BB91F625 /* Pods-TinyPlayerTests.release.xcconfig */,
			);
			name = Pods;
			sourceTree = "<group>";
		};
		607FACC71AFB9204008FA782 = {
			isa = PBXGroup;
			children = (
				C71D8F641E40A685005E4B64 /* TinyPlayerDemo */,
				607FACF51AFB993E008FA782 /* Podspec Metadata */,
				607FACE81AFB9204008FA782 /* Tests */,
				607FACD11AFB9204008FA782 /* Products */,
				1E2745623C192D44A953C297 /* Pods */,
				D2B4AA11524C64EE2F502DC9 /* Frameworks */,
			);
			sourceTree = "<group>";
		};
		607FACD11AFB9204008FA782 /* Products */ = {
			isa = PBXGroup;
			children = (
				607FACD01AFB9204008FA782 /* TinyPlayerDemo.app */,
				607FACE51AFB9204008FA782 /* TinyPlayerTests.xctest */,
			);
			name = Products;
			sourceTree = "<group>";
		};
		607FACE81AFB9204008FA782 /* Tests */ = {
			isa = PBXGroup;
			children = (
				607FACEB1AFB9204008FA782 /* TinyPlayerFunctionalTests.swift */,
				C701D9471E55E8E7000A226A /* TinyPlayerStateTransationTests.swift */,
				C7F1FB3C1E5DD55D00257896 /* TinyPlayerPlaybackCommandsTests.swift */,
				C7B559CE1E5C3FD900BDE78F /* TestHelpers.swift */,
				C7A4A19D1E54C43C0049EFFA /* PlayerTestObserver.swift */,
				607FACE91AFB9204008FA782 /* Supporting Files */,
			);
			path = Tests;
			sourceTree = "<group>";
		};
		607FACE91AFB9204008FA782 /* Supporting Files */ = {
			isa = PBXGroup;
			children = (
				C7EE50961E44D9AD00D17127 /* unittest_video.mp4 */,
				C7B559CC1E5B403900BDE78F /* unittest_video_alternative.mp4 */,
				607FACEA1AFB9204008FA782 /* Info.plist */,
			);
			name = "Supporting Files";
			sourceTree = "<group>";
		};
		607FACF51AFB993E008FA782 /* Podspec Metadata */ = {
			isa = PBXGroup;
			children = (
				1034B79EC94FE54880A63484 /* TinyPlayer.podspec */,
				62B5E871A6341410D80EBF66 /* README.md */,
				3FA2E517AFBD214768312FF4 /* LICENSE */,
			);
			name = "Podspec Metadata";
			sourceTree = "<group>";
		};
		C71D8F641E40A685005E4B64 /* TinyPlayerDemo */ = {
			isa = PBXGroup;
			children = (
				C71D8F6E1E40A6FC005E4B64 /* Assets.xcassets */,
				C71D8F6C1E40A6ED005E4B64 /* AppDelegate.swift */,
				C71D8F661E40A6D8005E4B64 /* RootViewController.swift */,
				15132F281E6346FC00910453 /* RootViewModel.swift */,
				C71D8F671E40A6D8005E4B64 /* VideoPlayerViewController.swift */,
				C71D8F681E40A6D8005E4B64 /* VideoPlayerViewModel.swift */,
				C71D8F771E40A71B005E4B64 /* LaunchScreen.storyboard */,
				C71D8F791E40A71B005E4B64 /* Main.storyboard */,
				C71D8F8B1E40B052005E4B64 /* Info.plist */,
			);
			name = TinyPlayerDemo;
			sourceTree = "<group>";
		};
		D2B4AA11524C64EE2F502DC9 /* Frameworks */ = {
			isa = PBXGroup;
			children = (
				C766ADF31E645D6600E87D95 /* Pods_TinyPlayerTests.framework */,
				C766ADF11E645D6100E87D95 /* Pods_TinyPlayerDemo.framework */,
				C189E3DA341AD5D08895602F /* Pods_TinyPlayerDemo.framework */,
				D0BAF33EDE0B232A65DEE349 /* Pods_TinyPlayerDemo_Tests.framework */,
				26CE0BF2C9CA74514A185E82 /* Pods_TinyPlayerTests.framework */,
			);
			name = Frameworks;
			sourceTree = "<group>";
		};
/* End PBXGroup section */

/* Begin PBXNativeTarget section */
		607FACCF1AFB9204008FA782 /* TinyPlayerDemo */ = {
			isa = PBXNativeTarget;
			buildConfigurationList = 607FACEF1AFB9204008FA782 /* Build configuration list for PBXNativeTarget "TinyPlayerDemo" */;
			buildPhases = (
				93A532FE6E42C4DFADFE4485 /* [CP] Check Pods Manifest.lock */,
				607FACCC1AFB9204008FA782 /* Sources */,
				607FACCD1AFB9204008FA782 /* Frameworks */,
				607FACCE1AFB9204008FA782 /* Resources */,
				9D0166593B96FF791BC7A497 /* [CP] Embed Pods Frameworks */,
				82D0B20BEBAA96193FF4E7E7 /* [CP] Copy Pods Resources */,
			);
			buildRules = (
			);
			dependencies = (
			);
			name = TinyPlayerDemo;
			productName = TinyPlayer;
			productReference = 607FACD01AFB9204008FA782 /* TinyPlayerDemo.app */;
			productType = "com.apple.product-type.application";
		};
		607FACE41AFB9204008FA782 /* TinyPlayerTests */ = {
			isa = PBXNativeTarget;
			buildConfigurationList = 607FACF21AFB9204008FA782 /* Build configuration list for PBXNativeTarget "TinyPlayerTests" */;
			buildPhases = (
				F645B11E67117D6F04F17CEB /* [CP] Check Pods Manifest.lock */,
				607FACE11AFB9204008FA782 /* Sources */,
				607FACE21AFB9204008FA782 /* Frameworks */,
				607FACE31AFB9204008FA782 /* Resources */,
				33D77C5514144495F72FEB51 /* [CP] Embed Pods Frameworks */,
				C61346C7F2033418FD06CC45 /* [CP] Copy Pods Resources */,
			);
			buildRules = (
			);
			dependencies = (
				607FACE71AFB9204008FA782 /* PBXTargetDependency */,
			);
			name = TinyPlayerTests;
			productName = Tests;
			productReference = 607FACE51AFB9204008FA782 /* TinyPlayerTests.xctest */;
			productType = "com.apple.product-type.bundle.unit-test";
		};
/* End PBXNativeTarget section */

/* Begin PBXProject section */
		607FACC81AFB9204008FA782 /* Project object */ = {
			isa = PBXProject;
			attributes = {
				LastSwiftUpdateCheck = 0720;
				LastUpgradeCheck = 0820;
				ORGANIZATIONNAME = CocoaPods;
				TargetAttributes = {
					607FACCF1AFB9204008FA782 = {
						CreatedOnToolsVersion = 6.3.1;
						DevelopmentTeam = 5FBYCQAVJQ;
						LastSwiftMigration = 0820;
					};
					607FACE41AFB9204008FA782 = {
						CreatedOnToolsVersion = 6.3.1;
						DevelopmentTeam = 5FBYCQAVJQ;
						TestTargetID = 607FACCF1AFB9204008FA782;
					};
				};
			};
			buildConfigurationList = 607FACCB1AFB9204008FA782 /* Build configuration list for PBXProject "TinyPlayerDemo" */;
			compatibilityVersion = "Xcode 3.2";
			developmentRegion = English;
			hasScannedForEncodings = 0;
			knownRegions = (
				en,
				Base,
			);
			mainGroup = 607FACC71AFB9204008FA782;
			productRefGroup = 607FACD11AFB9204008FA782 /* Products */;
			projectDirPath = "";
			projectRoot = "";
			targets = (
				607FACCF1AFB9204008FA782 /* TinyPlayerDemo */,
				607FACE41AFB9204008FA782 /* TinyPlayerTests */,
			);
		};
/* End PBXProject section */

/* Begin PBXResourcesBuildPhase section */
		607FACCE1AFB9204008FA782 /* Resources */ = {
			isa = PBXResourcesBuildPhase;
			buildActionMask = 2147483647;
			files = (
				C71D8F7C1E40A71B005E4B64 /* Main.storyboard in Resources */,
				C71D8F741E40A6FC005E4B64 /* Assets.xcassets in Resources */,
				C71D8F7B1E40A71B005E4B64 /* LaunchScreen.storyboard in Resources */,
				C7A4A19C1E54B02B0049EFFA /* unittest_video.mp4 in Resources */,
			);
			runOnlyForDeploymentPostprocessing = 0;
		};
		607FACE31AFB9204008FA782 /* Resources */ = {
			isa = PBXResourcesBuildPhase;
			buildActionMask = 2147483647;
			files = (
				C7EE50971E44D9AD00D17127 /* unittest_video.mp4 in Resources */,
				C7B559CD1E5B403900BDE78F /* unittest_video_alternative.mp4 in Resources */,
			);
			runOnlyForDeploymentPostprocessing = 0;
		};
/* End PBXResourcesBuildPhase section */

/* Begin PBXShellScriptBuildPhase section */
		33D77C5514144495F72FEB51 /* [CP] Embed Pods Frameworks */ = {
			isa = PBXShellScriptBuildPhase;
			buildActionMask = 2147483647;
			files = (
			);
			inputPaths = (
			);
			name = "[CP] Embed Pods Frameworks";
			outputPaths = (
			);
			runOnlyForDeploymentPostprocessing = 0;
			shellPath = /bin/sh;
			shellScript = "\"${SRCROOT}/../Pods/Target Support Files/Pods-TinyPlayerTests/Pods-TinyPlayerTests-frameworks.sh\"\n";
			showEnvVarsInLog = 0;
		};
		82D0B20BEBAA96193FF4E7E7 /* [CP] Copy Pods Resources */ = {
			isa = PBXShellScriptBuildPhase;
			buildActionMask = 2147483647;
			files = (
			);
			inputPaths = (
			);
			name = "[CP] Copy Pods Resources";
			outputPaths = (
			);
			runOnlyForDeploymentPostprocessing = 0;
			shellPath = /bin/sh;
			shellScript = "\"${SRCROOT}/../Pods/Target Support Files/Pods-TinyPlayerDemo/Pods-TinyPlayerDemo-resources.sh\"\n";
			showEnvVarsInLog = 0;
		};
		93A532FE6E42C4DFADFE4485 /* [CP] Check Pods Manifest.lock */ = {
			isa = PBXShellScriptBuildPhase;
			buildActionMask = 2147483647;
			files = (
			);
			inputPaths = (
			);
			name = "[CP] Check Pods Manifest.lock";
			outputPaths = (
			);
			runOnlyForDeploymentPostprocessing = 0;
			shellPath = /bin/sh;
			shellScript = "diff \"${PODS_ROOT}/../Podfile.lock\" \"${PODS_ROOT}/Manifest.lock\" > /dev/null\nif [ $? != 0 ] ; then\n    # print error to STDERR\n    echo \"error: The sandbox is not in sync with the Podfile.lock. Run 'pod install' or update your CocoaPods installation.\" >&2\n    exit 1\nfi\n";
			showEnvVarsInLog = 0;
		};
		9D0166593B96FF791BC7A497 /* [CP] Embed Pods Frameworks */ = {
			isa = PBXShellScriptBuildPhase;
			buildActionMask = 2147483647;
			files = (
			);
			inputPaths = (
			);
			name = "[CP] Embed Pods Frameworks";
			outputPaths = (
			);
			runOnlyForDeploymentPostprocessing = 0;
			shellPath = /bin/sh;
			shellScript = "\"${SRCROOT}/../Pods/Target Support Files/Pods-TinyPlayerDemo/Pods-TinyPlayerDemo-frameworks.sh\"\n";
			showEnvVarsInLog = 0;
		};
		C61346C7F2033418FD06CC45 /* [CP] Copy Pods Resources */ = {
			isa = PBXShellScriptBuildPhase;
			buildActionMask = 2147483647;
			files = (
			);
			inputPaths = (
			);
			name = "[CP] Copy Pods Resources";
			outputPaths = (
			);
			runOnlyForDeploymentPostprocessing = 0;
			shellPath = /bin/sh;
			shellScript = "\"${SRCROOT}/../Pods/Target Support Files/Pods-TinyPlayerTests/Pods-TinyPlayerTests-resources.sh\"\n";
			showEnvVarsInLog = 0;
		};
		F645B11E67117D6F04F17CEB /* [CP] Check Pods Manifest.lock */ = {
			isa = PBXShellScriptBuildPhase;
			buildActionMask = 2147483647;
			files = (
			);
			inputPaths = (
			);
			name = "[CP] Check Pods Manifest.lock";
			outputPaths = (
			);
			runOnlyForDeploymentPostprocessing = 0;
			shellPath = /bin/sh;
			shellScript = "diff \"${PODS_ROOT}/../Podfile.lock\" \"${PODS_ROOT}/Manifest.lock\" > /dev/null\nif [ $? != 0 ] ; then\n    # print error to STDERR\n    echo \"error: The sandbox is not in sync with the Podfile.lock. Run 'pod install' or update your CocoaPods installation.\" >&2\n    exit 1\nfi\n";
			showEnvVarsInLog = 0;
		};
/* End PBXShellScriptBuildPhase section */

/* Begin PBXSourcesBuildPhase section */
		607FACCC1AFB9204008FA782 /* Sources */ = {
			isa = PBXSourcesBuildPhase;
			buildActionMask = 2147483647;
			files = (
				15132F291E6346FC00910453 /* RootViewModel.swift in Sources */,
				C71D8F6D1E40A6ED005E4B64 /* AppDelegate.swift in Sources */,
				C71D8F6B1E40A6D8005E4B64 /* VideoPlayerViewModel.swift in Sources */,
				C71D8F691E40A6D8005E4B64 /* RootViewController.swift in Sources */,
				C71D8F6A1E40A6D8005E4B64 /* VideoPlayerViewController.swift in Sources */,
			);
			runOnlyForDeploymentPostprocessing = 0;
		};
		607FACE11AFB9204008FA782 /* Sources */ = {
			isa = PBXSourcesBuildPhase;
			buildActionMask = 2147483647;
			files = (
				C701D9481E55E8E7000A226A /* TinyPlayerStateTransationTests.swift in Sources */,
				C7A4A19E1E54C43C0049EFFA /* PlayerTestObserver.swift in Sources */,
				C7980C8C1E44F8C60002BEFB /* TinyPlayerFunctionalTests.swift in Sources */,
				C7F1FB3D1E5DD55D00257896 /* TinyPlayerPlaybackCommandsTests.swift in Sources */,
				C7B559CF1E5C3FD900BDE78F /* TestHelpers.swift in Sources */,
			);
			runOnlyForDeploymentPostprocessing = 0;
		};
/* End PBXSourcesBuildPhase section */

/* Begin PBXTargetDependency section */
		607FACE71AFB9204008FA782 /* PBXTargetDependency */ = {
			isa = PBXTargetDependency;
			target = 607FACCF1AFB9204008FA782 /* TinyPlayerDemo */;
			targetProxy = 607FACE61AFB9204008FA782 /* PBXContainerItemProxy */;
		};
/* End PBXTargetDependency section */

/* Begin PBXVariantGroup section */
		C71D8F771E40A71B005E4B64 /* LaunchScreen.storyboard */ = {
			isa = PBXVariantGroup;
			children = (
				C71D8F781E40A71B005E4B64 /* Base */,
			);
			name = LaunchScreen.storyboard;
			sourceTree = "<group>";
		};
		C71D8F791E40A71B005E4B64 /* Main.storyboard */ = {
			isa = PBXVariantGroup;
			children = (
				C71D8F7A1E40A71B005E4B64 /* Base */,
			);
			name = Main.storyboard;
			sourceTree = "<group>";
		};
/* End PBXVariantGroup section */

/* Begin XCBuildConfiguration section */
		607FACED1AFB9204008FA782 /* Debug */ = {
			isa = XCBuildConfiguration;
			buildSettings = {
				ALWAYS_EMBED_SWIFT_STANDARD_LIBRARIES = "$(inherited)";
				ALWAYS_SEARCH_USER_PATHS = NO;
				CLANG_CXX_LANGUAGE_STANDARD = "gnu++0x";
				CLANG_CXX_LIBRARY = "libc++";
				CLANG_ENABLE_MODULES = YES;
				CLANG_ENABLE_OBJC_ARC = YES;
				CLANG_WARN_BOOL_CONVERSION = YES;
				CLANG_WARN_CONSTANT_CONVERSION = YES;
				CLANG_WARN_DIRECT_OBJC_ISA_USAGE = YES_ERROR;
				CLANG_WARN_EMPTY_BODY = YES;
				CLANG_WARN_ENUM_CONVERSION = YES;
				CLANG_WARN_INFINITE_RECURSION = YES;
				CLANG_WARN_INT_CONVERSION = YES;
				CLANG_WARN_OBJC_ROOT_CLASS = YES_ERROR;
				CLANG_WARN_SUSPICIOUS_MOVE = YES;
				CLANG_WARN_UNREACHABLE_CODE = YES;
				CLANG_WARN__DUPLICATE_METHOD_MATCH = YES;
				"CODE_SIGN_IDENTITY[sdk=iphoneos*]" = "iPhone Developer";
				COPY_PHASE_STRIP = NO;
				DEBUG_INFORMATION_FORMAT = "dwarf-with-dsym";
				ENABLE_STRICT_OBJC_MSGSEND = YES;
				ENABLE_TESTABILITY = YES;
				GCC_C_LANGUAGE_STANDARD = gnu99;
				GCC_DYNAMIC_NO_PIC = NO;
				GCC_NO_COMMON_BLOCKS = YES;
				GCC_OPTIMIZATION_LEVEL = 0;
				GCC_PREPROCESSOR_DEFINITIONS = (
					"DEBUG=1",
					"$(inherited)",
				);
				GCC_SYMBOLS_PRIVATE_EXTERN = NO;
				GCC_WARN_64_TO_32_BIT_CONVERSION = YES;
				GCC_WARN_ABOUT_RETURN_TYPE = YES_ERROR;
				GCC_WARN_UNDECLARED_SELECTOR = YES;
				GCC_WARN_UNINITIALIZED_AUTOS = YES_AGGRESSIVE;
				GCC_WARN_UNUSED_FUNCTION = YES;
				GCC_WARN_UNUSED_VARIABLE = YES;
				IPHONEOS_DEPLOYMENT_TARGET = 10.2;
				MTL_ENABLE_DEBUG_INFO = YES;
				ONLY_ACTIVE_ARCH = YES;
				SDKROOT = iphoneos;
				SWIFT_OPTIMIZATION_LEVEL = "-Onone";
				SWIFT_VERSION = 3.0;
			};
			name = Debug;
		};
		607FACEE1AFB9204008FA782 /* Release */ = {
			isa = XCBuildConfiguration;
			buildSettings = {
				ALWAYS_EMBED_SWIFT_STANDARD_LIBRARIES = "$(inherited)";
				ALWAYS_SEARCH_USER_PATHS = NO;
				CLANG_CXX_LANGUAGE_STANDARD = "gnu++0x";
				CLANG_CXX_LIBRARY = "libc++";
				CLANG_ENABLE_MODULES = YES;
				CLANG_ENABLE_OBJC_ARC = YES;
				CLANG_WARN_BOOL_CONVERSION = YES;
				CLANG_WARN_CONSTANT_CONVERSION = YES;
				CLANG_WARN_DIRECT_OBJC_ISA_USAGE = YES_ERROR;
				CLANG_WARN_EMPTY_BODY = YES;
				CLANG_WARN_ENUM_CONVERSION = YES;
				CLANG_WARN_INFINITE_RECURSION = YES;
				CLANG_WARN_INT_CONVERSION = YES;
				CLANG_WARN_OBJC_ROOT_CLASS = YES_ERROR;
				CLANG_WARN_SUSPICIOUS_MOVE = YES;
				CLANG_WARN_UNREACHABLE_CODE = YES;
				CLANG_WARN__DUPLICATE_METHOD_MATCH = YES;
				"CODE_SIGN_IDENTITY[sdk=iphoneos*]" = "iPhone Developer";
				COPY_PHASE_STRIP = NO;
				DEBUG_INFORMATION_FORMAT = "dwarf-with-dsym";
				ENABLE_NS_ASSERTIONS = NO;
				ENABLE_STRICT_OBJC_MSGSEND = YES;
				GCC_C_LANGUAGE_STANDARD = gnu99;
				GCC_NO_COMMON_BLOCKS = YES;
				GCC_WARN_64_TO_32_BIT_CONVERSION = YES;
				GCC_WARN_ABOUT_RETURN_TYPE = YES_ERROR;
				GCC_WARN_UNDECLARED_SELECTOR = YES;
				GCC_WARN_UNINITIALIZED_AUTOS = YES_AGGRESSIVE;
				GCC_WARN_UNUSED_FUNCTION = YES;
				GCC_WARN_UNUSED_VARIABLE = YES;
				IPHONEOS_DEPLOYMENT_TARGET = 10.2;
				MTL_ENABLE_DEBUG_INFO = NO;
				SDKROOT = iphoneos;
				SWIFT_OPTIMIZATION_LEVEL = "-Owholemodule";
				SWIFT_VERSION = 3.0;
				VALIDATE_PRODUCT = YES;
			};
			name = Release;
		};
		607FACF01AFB9204008FA782 /* Debug */ = {
			isa = XCBuildConfiguration;
			baseConfigurationReference = 0B95F0EA916D7F793BFFCDBB /* Pods-TinyPlayerDemo.debug.xcconfig */;
			buildSettings = {
				ALWAYS_EMBED_SWIFT_STANDARD_LIBRARIES = "$(inherited)";
				ASSETCATALOG_COMPILER_APPICON_NAME = AppIcon;
				CLANG_ENABLE_MODULES = YES;
				DEVELOPMENT_TEAM = 5FBYCQAVJQ;
				INFOPLIST_FILE = TinyPlayerDemo/Info.plist;
				IPHONEOS_DEPLOYMENT_TARGET = 10.2;
				LD_RUNPATH_SEARCH_PATHS = "$(inherited) @executable_path/Frameworks";
				MODULE_NAME = ExampleApp;
				PRODUCT_BUNDLE_IDENTIFIER = "org.cocoapods.demo.$(PRODUCT_NAME:rfc1034identifier)";
				PRODUCT_NAME = "$(TARGET_NAME)";
				SWIFT_OPTIMIZATION_LEVEL = "-Onone";
				SWIFT_VERSION = 3.0;
				TARGETED_DEVICE_FAMILY = "1,2";
			};
			name = Debug;
		};
		607FACF11AFB9204008FA782 /* Release */ = {
			isa = XCBuildConfiguration;
			baseConfigurationReference = 7F0A2127F4EE25DFCB42C905 /* Pods-TinyPlayerDemo.release.xcconfig */;
			buildSettings = {
				ALWAYS_EMBED_SWIFT_STANDARD_LIBRARIES = "$(inherited)";
				ASSETCATALOG_COMPILER_APPICON_NAME = AppIcon;
				CLANG_ENABLE_MODULES = YES;
				DEVELOPMENT_TEAM = 5FBYCQAVJQ;
				INFOPLIST_FILE = TinyPlayerDemo/Info.plist;
				IPHONEOS_DEPLOYMENT_TARGET = 10.2;
				LD_RUNPATH_SEARCH_PATHS = "$(inherited) @executable_path/Frameworks";
				MODULE_NAME = ExampleApp;
				PRODUCT_BUNDLE_IDENTIFIER = "org.cocoapods.demo.$(PRODUCT_NAME:rfc1034identifier)";
				PRODUCT_NAME = "$(TARGET_NAME)";
				SWIFT_VERSION = 3.0;
				TARGETED_DEVICE_FAMILY = "1,2";
			};
			name = Release;
		};
		607FACF31AFB9204008FA782 /* Debug */ = {
			isa = XCBuildConfiguration;
			baseConfigurationReference = 2A78683DD79FDBC10D2F151B /* Pods-TinyPlayerTests.debug.xcconfig */;
			buildSettings = {
				ALWAYS_EMBED_SWIFT_STANDARD_LIBRARIES = "$(inherited)";
				DEVELOPMENT_TEAM = 5FBYCQAVJQ;
				FRAMEWORK_SEARCH_PATHS = "$(inherited)";
				GCC_PREPROCESSOR_DEFINITIONS = (
					"DEBUG=1",
					"$(inherited)",
				);
				INFOPLIST_FILE = Tests/Info.plist;
				IPHONEOS_DEPLOYMENT_TARGET = 10.2;
				LD_RUNPATH_SEARCH_PATHS = "$(inherited) @executable_path/Frameworks @loader_path/Frameworks";
				PRODUCT_BUNDLE_IDENTIFIER = "org.cocoapods.$(PRODUCT_NAME:rfc1034identifier)";
				PRODUCT_NAME = "$(TARGET_NAME)";
				TEST_HOST = "$(BUILT_PRODUCTS_DIR)/TinyPlayerDemo.app/TinyPlayerDemo";
			};
			name = Debug;
		};
		607FACF41AFB9204008FA782 /* Release */ = {
			isa = XCBuildConfiguration;
			baseConfigurationReference = 6C7B527360AAAFE8BB91F625 /* Pods-TinyPlayerTests.release.xcconfig */;
			buildSettings = {
				ALWAYS_EMBED_SWIFT_STANDARD_LIBRARIES = "$(inherited)";
				DEVELOPMENT_TEAM = 5FBYCQAVJQ;
				FRAMEWORK_SEARCH_PATHS = "$(inherited)";
				INFOPLIST_FILE = Tests/Info.plist;
				IPHONEOS_DEPLOYMENT_TARGET = 10.2;
				LD_RUNPATH_SEARCH_PATHS = "$(inherited) @executable_path/Frameworks @loader_path/Frameworks";
				PRODUCT_BUNDLE_IDENTIFIER = "org.cocoapods.$(PRODUCT_NAME:rfc1034identifier)";
				PRODUCT_NAME = "$(TARGET_NAME)";
				TEST_HOST = "$(BUILT_PRODUCTS_DIR)/TinyPlayerDemo.app/TinyPlayerDemo";
			};
			name = Release;
		};
/* End XCBuildConfiguration section */

/* Begin XCConfigurationList section */
		607FACCB1AFB9204008FA782 /* Build configuration list for PBXProject "TinyPlayerDemo" */ = {
			isa = XCConfigurationList;
			buildConfigurations = (
				607FACED1AFB9204008FA782 /* Debug */,
				607FACEE1AFB9204008FA782 /* Release */,
			);
			defaultConfigurationIsVisible = 0;
			defaultConfigurationName = Release;
		};
		607FACEF1AFB9204008FA782 /* Build configuration list for PBXNativeTarget "TinyPlayerDemo" */ = {
			isa = XCConfigurationList;
			buildConfigurations = (
				607FACF01AFB9204008FA782 /* Debug */,
				607FACF11AFB9204008FA782 /* Release */,
			);
			defaultConfigurationIsVisible = 0;
			defaultConfigurationName = Release;
		};
		607FACF21AFB9204008FA782 /* Build configuration list for PBXNativeTarget "TinyPlayerTests" */ = {
			isa = XCConfigurationList;
			buildConfigurations = (
				607FACF31AFB9204008FA782 /* Debug */,
				607FACF41AFB9204008FA782 /* Release */,
			);
			defaultConfigurationIsVisible = 0;
			defaultConfigurationName = Release;
		};
/* End XCConfigurationList section */
	};
	rootObject = 607FACC81AFB9204008FA782 /* Project object */;
}
